
Microsoft Visual Studio Solution File, Format Version 12.00
# Visual Studio Version 17
VisualStudioVersion = 17.13.35828.75 d17.13
MinimumVisualStudioVersion = 10.0.40219.1
Project("{FAE04EC0-301F-11D3-BF4B-00C04F79EFBC}") = "DOANNT106", "DOANNT106\DOANNT106.csproj", "{A92C61A4-12FE-4DF1-8656-BE90C8556100}"
EndProject
Global
	GlobalSection(SolutionConfigurationPlatforms) = preSolution
		Debug|Any CPU = Debug|Any CPU
		Release|Any CPU = Release|Any CPU
	EndGlobalSection
	GlobalSection(ProjectConfigurationPlatforms) = postSolution
		{A92C61A4-12FE-4DF1-8656-BE90C8556100}.Debug|Any CPU.ActiveCfg = Debug|Any CPU
		{A92C61A4-12FE-4DF1-8656-BE90C8556100}.Debug|Any CPU.Build.0 = Debug|Any CPU
		{A92C61A4-12FE-4DF1-8656-BE90C8556100}.Release|Any CPU.ActiveCfg = Release|Any CPU
		{A92C61A4-12FE-4DF1-8656-BE90C8556100}.Release|Any CPU.Build.0 = Release|Any CPU
	EndGlobalSection
	GlobalSection(SolutionProperties) = preSolution
		HideSolutionNode = FALSE
	EndGlobalSection
	GlobalSection(ExtensibilityGlobals) = postSolution
		SolutionGuid = {6E7DEFF9-73FC-4108-8590-5765F8C10859}
	EndGlobalSection
EndGlobal
